
Microsoft Visual Studio Solution File, Format Version 12.00
# Visual Studio Version 17
VisualStudioVersion = 17.3.32825.248
MinimumVisualStudioVersion = 10.0.40219.1
Project("{FAE04EC0-301F-11D3-BF4B-00C04F79EFBC}") = "Exec2_Message", "Exec2_Message\Exec2_Message.csproj", "{B26299AA-F4BF-4DB4-A3C1-5BE16E4D1904}"
EndProject
Global
	GlobalSection(SolutionConfigurationPlatforms) = preSolution
		Debug|Any CPU = Debug|Any CPU
		Release|Any CPU = Release|Any CPU
	EndGlobalSection
	GlobalSection(ProjectConfigurationPlatforms) = postSolution
		{B26299AA-F4BF-4DB4-A3C1-5BE16E4D1904}.Debug|Any CPU.ActiveCfg = Debug|Any CPU
		{B26299AA-F4BF-4DB4-A3C1-5BE16E4D1904}.Debug|Any CPU.Build.0 = Debug|Any CPU
		{B26299AA-F4BF-4DB4-A3C1-5BE16E4D1904}.Release|Any CPU.ActiveCfg = Release|Any CPU
		{B26299AA-F4BF-4DB4-A3C1-5BE16E4D1904}.Release|Any CPU.Build.0 = Release|Any CPU
	EndGlobalSection
	GlobalSection(SolutionProperties) = preSolution
		HideSolutionNode = FALSE
	EndGlobalSection
	GlobalSection(ExtensibilityGlobals) = postSolution
		SolutionGuid = {EA1E697F-F994-4781-99F9-60B08DBCC831}
	EndGlobalSection
EndGlobal
